
Microsoft Visual Studio Solution File, Format Version 12.00
# Visual Studio 15
VisualStudioVersion = 15.0.28307.329
MinimumVisualStudioVersion = 10.0.40219.1
Project("{7CF6DF6D-3B04-46F8-A40B-537D21BCA0B4}") = "DocumentationGenerator.Core", "src\DocumentationGenerator.Core\DocumentationGenerator.Core.shfbproj", "{EBC469C1-796A-4AB7-97E3-64AC2DAD50B5}"
EndProject
Project("{2150E333-8FDC-42A3-9474-1A3956D46DE8}") = "resources", "resources", "{9A256545-37AE-4198-8FC2-767131CF7FF3}"
EndProject
Project("{2150E333-8FDC-42A3-9474-1A3956D46DE8}") = "Core", "Core", "{CD287FE5-A69B-4F3B-920F-33B1B4B98ADB}"
	ProjectSection(SolutionItems) = preProject
		resources\Core\comments.xml = resources\Core\comments.xml
		resources\Core\Core.dll = resources\Core\Core.dll
	EndProjectSection
EndProject
Global
	GlobalSection(SolutionConfigurationPlatforms) = preSolution
		Debug|Any CPU = Debug|Any CPU
		Release|Any CPU = Release|Any CPU
	EndGlobalSection
	GlobalSection(ProjectConfigurationPlatforms) = postSolution
		{EBC469C1-796A-4AB7-97E3-64AC2DAD50B5}.Debug|Any CPU.ActiveCfg = Debug|Any CPU
		{EBC469C1-796A-4AB7-97E3-64AC2DAD50B5}.Debug|Any CPU.Build.0 = Debug|Any CPU
		{EBC469C1-796A-4AB7-97E3-64AC2DAD50B5}.Release|Any CPU.ActiveCfg = Release|Any CPU
		{EBC469C1-796A-4AB7-97E3-64AC2DAD50B5}.Release|Any CPU.Build.0 = Release|Any CPU
	EndGlobalSection
	GlobalSection(SolutionProperties) = preSolution
		HideSolutionNode = FALSE
	EndGlobalSection
	GlobalSection(NestedProjects) = preSolution
		{CD287FE5-A69B-4F3B-920F-33B1B4B98ADB} = {9A256545-37AE-4198-8FC2-767131CF7FF3}
	EndGlobalSection
	GlobalSection(ExtensibilityGlobals) = postSolution
		SolutionGuid = {0E4CB0DC-17B7-43E7-BAC7-3B2210E6F093}
	EndGlobalSection
EndGlobal
